
Microsoft Visual Studio Solution File, Format Version 12.00
# Visual Studio Version 17
VisualStudioVersion = 17.0.31919.166
MinimumVisualStudioVersion = 10.0.40219.1
Project("{9A19103F-16F7-4668-BE54-9A1E7A4F7556}") = "HexStrategyGame", "StratGame.DesktopClient\HexStrategyGame.csproj", "{45631004-BE2F-40BB-986C-CDA8AAFBCDFD}"
EndProject
Global
	GlobalSection(SolutionConfigurationPlatforms) = preSolution
		Debug|Any CPU = Debug|Any CPU
		Release|Any CPU = Release|Any CPU
	EndGlobalSection
	GlobalSection(ProjectConfigurationPlatforms) = postSolution
		{45631004-BE2F-40BB-986C-CDA8AAFBCDFD}.Debug|Any CPU.ActiveCfg = Debug|Any CPU
		{45631004-BE2F-40BB-986C-CDA8AAFBCDFD}.Debug|Any CPU.Build.0 = Debug|Any CPU
		{45631004-BE2F-40BB-986C-CDA8AAFBCDFD}.Release|Any CPU.ActiveCfg = Release|Any CPU
		{45631004-BE2F-40BB-986C-CDA8AAFBCDFD}.Release|Any CPU.Build.0 = Release|Any CPU
	EndGlobalSection
	GlobalSection(SolutionProperties) = preSolution
		HideSolutionNode = FALSE
	EndGlobalSection
	GlobalSection(ExtensibilityGlobals) = postSolution
		SolutionGuid = {5ACC25FE-97B2-48E6-89D8-D403AE9DDD3C}
	EndGlobalSection
EndGlobal
